[[package]]
name = "fat32"
version = "0.1.0"

[[package]]
name = "kernel"
version = "0.1.0"
dependencies = [
 "fat32 0.1.0",
 "pi 0.1.0",
 "stack-vec 0.1.0",
]

[[package]]
name = "pi"
version = "0.1.0"
dependencies = [
 "volatile 0.1.0",
]

[[package]]
name = "stack-vec"
version = "0.1.0"

[[package]]
name = "volatile"
version = "0.1.0"

